# This file is autogenerated, do not edit; changes may be undone by the next 'dep ensure'.


[[projects]]
  name = "github.com/golang/protobuf"
  packages = [
    "jsonpb",
    "proto",
    "ptypes/struct"
  ]
  revision = "130e6b02ab059e7b717a096f397c5b60111cae74"

[[projects]]
  name = "github.com/pkg/errors"
  packages = ["."]
  revision = "2b3a18b5f0fb6b4f9190549597d3f962c02bc5eb"

[[projects]]
  name = "github.com/urfave/cli"
  packages = ["."]
  revision = "ac249472b7de27a9e8990819566d9be95ab5b816"

[[projects]]
  name = "golang.org/x/crypto"
  packages = [
    "hkdf",
    "ssh/terminal"
  ]
  revision = "76eec36fa14229c4b25bb894c2d0e591527af429"

[[projects]]
  name = "golang.org/x/sys"
  packages = [
    "unix",
    "windows"
  ]
  revision = "314a259e304ff91bd6985da2a7149bbf91237993"

[solve-meta]
  analyzer-name = "dep"
  analyzer-version = 1
  inputs-digest = "03ddbed64c3ae0f05a2d4e1db58c004d6a256e6c6a03b5a6f1675618d0b2cba7"
  solver-name = "gps-cdcl"
  solver-version = 1
